
Microsoft Visual Studio Solution File, Format Version 12.00
# Visual Studio Version 16
VisualStudioVersion = 16.0.30225.117
MinimumVisualStudioVersion = 10.0.40219.1
Project("{FAE04EC0-301F-11D3-BF4B-00C04F79EFBC}") = "QuizzProject", "QuizzProject\QuizzProject.csproj", "{5E2468A6-A27F-4D6A-A114-600215C2C5B5}"
EndProject
Project("{FAE04EC0-301F-11D3-BF4B-00C04F79EFBC}") = "QuestonsAndAnware", "QuestonsAndAnware\QuestonsAndAnware.csproj", "{C4FA0EE4-7E0F-4AC0-81BE-3AAF14B41F05}"
EndProject
Global
	GlobalSection(SolutionConfigurationPlatforms) = preSolution
		Debug|Any CPU = Debug|Any CPU
		Release|Any CPU = Release|Any CPU
	EndGlobalSection
	GlobalSection(ProjectConfigurationPlatforms) = postSolution
		{5E2468A6-A27F-4D6A-A114-600215C2C5B5}.Debug|Any CPU.ActiveCfg = Debug|Any CPU
		{5E2468A6-A27F-4D6A-A114-600215C2C5B5}.Debug|Any CPU.Build.0 = Debug|Any CPU
		{5E2468A6-A27F-4D6A-A114-600215C2C5B5}.Release|Any CPU.ActiveCfg = Release|Any CPU
		{5E2468A6-A27F-4D6A-A114-600215C2C5B5}.Release|Any CPU.Build.0 = Release|Any CPU
		{C4FA0EE4-7E0F-4AC0-81BE-3AAF14B41F05}.Debug|Any CPU.ActiveCfg = Debug|Any CPU
		{C4FA0EE4-7E0F-4AC0-81BE-3AAF14B41F05}.Debug|Any CPU.Build.0 = Debug|Any CPU
		{C4FA0EE4-7E0F-4AC0-81BE-3AAF14B41F05}.Release|Any CPU.ActiveCfg = Release|Any CPU
		{C4FA0EE4-7E0F-4AC0-81BE-3AAF14B41F05}.Release|Any CPU.Build.0 = Release|Any CPU
	EndGlobalSection
	GlobalSection(SolutionProperties) = preSolution
		HideSolutionNode = FALSE
	EndGlobalSection
	GlobalSection(ExtensibilityGlobals) = postSolution
		SolutionGuid = {F34F5CE5-5F03-4E8B-B194-C554EB6E6DF8}
	EndGlobalSection
EndGlobal
