
Microsoft Visual Studio Solution File, Format Version 12.00
# Visual Studio Version 16
VisualStudioVersion = 16.0.30225.117
MinimumVisualStudioVersion = 10.0.40219.1
Project("{FAE04EC0-301F-11D3-BF4B-00C04F79EFBC}") = "HomeWork_Files.Io", "HomeWork_Files.Io\HomeWork_Files.Io.csproj", "{21B0F9B0-8472-4E59-833C-E722A74BEFE1}"
EndProject
Global
	GlobalSection(SolutionConfigurationPlatforms) = preSolution
		Debug|Any CPU = Debug|Any CPU
		Release|Any CPU = Release|Any CPU
	EndGlobalSection
	GlobalSection(ProjectConfigurationPlatforms) = postSolution
		{21B0F9B0-8472-4E59-833C-E722A74BEFE1}.Debug|Any CPU.ActiveCfg = Debug|Any CPU
		{21B0F9B0-8472-4E59-833C-E722A74BEFE1}.Debug|Any CPU.Build.0 = Debug|Any CPU
		{21B0F9B0-8472-4E59-833C-E722A74BEFE1}.Release|Any CPU.ActiveCfg = Release|Any CPU
		{21B0F9B0-8472-4E59-833C-E722A74BEFE1}.Release|Any CPU.Build.0 = Release|Any CPU
	EndGlobalSection
	GlobalSection(SolutionProperties) = preSolution
		HideSolutionNode = FALSE
	EndGlobalSection
	GlobalSection(ExtensibilityGlobals) = postSolution
		SolutionGuid = {58908DCC-87C7-4299-BDD0-0B15478F47A1}
	EndGlobalSection
EndGlobal
