
Microsoft Visual Studio Solution File, Format Version 12.00
# Visual Studio Version 16
VisualStudioVersion = 16.0.30204.135
MinimumVisualStudioVersion = 10.0.40219.1
Project("{FAE04EC0-301F-11D3-BF4B-00C04F79EFBC}") = "HomeWorkGenerics", "HomeWorkGenerics\HomeWorkGenerics.csproj", "{D5B8EAB2-027A-4A87-B45F-947CEAA5C24F}"
EndProject
Global
	GlobalSection(SolutionConfigurationPlatforms) = preSolution
		Debug|Any CPU = Debug|Any CPU
		Release|Any CPU = Release|Any CPU
	EndGlobalSection
	GlobalSection(ProjectConfigurationPlatforms) = postSolution
		{D5B8EAB2-027A-4A87-B45F-947CEAA5C24F}.Debug|Any CPU.ActiveCfg = Debug|Any CPU
		{D5B8EAB2-027A-4A87-B45F-947CEAA5C24F}.Debug|Any CPU.Build.0 = Debug|Any CPU
		{D5B8EAB2-027A-4A87-B45F-947CEAA5C24F}.Release|Any CPU.ActiveCfg = Release|Any CPU
		{D5B8EAB2-027A-4A87-B45F-947CEAA5C24F}.Release|Any CPU.Build.0 = Release|Any CPU
	EndGlobalSection
	GlobalSection(SolutionProperties) = preSolution
		HideSolutionNode = FALSE
	EndGlobalSection
	GlobalSection(ExtensibilityGlobals) = postSolution
		SolutionGuid = {E2C702D3-D393-489F-B635-40AB80183527}
	EndGlobalSection
EndGlobal
